
Microsoft Visual Studio Solution File, Format Version 12.00
# Visual Studio Version 16
VisualStudioVersion = 16.0.31727.386
MinimumVisualStudioVersion = 10.0.40219.1
Project("{2150E333-8FDC-42A3-9474-1A3956D46DE8}") = "User.UI", "User.UI", "{9865598F-FF37-421E-9DDE-F6D2D16B398C}"
EndProject
Project("{2150E333-8FDC-42A3-9474-1A3956D46DE8}") = "User.Application", "User.Application", "{592B8A97-FC84-4DA8-ABF2-F2EFC47A89DD}"
EndProject
Project("{2150E333-8FDC-42A3-9474-1A3956D46DE8}") = "User.Domain", "User.Domain", "{84F438DB-EC0F-426E-8174-6009C02FAABC}"
EndProject
Project("{2150E333-8FDC-42A3-9474-1A3956D46DE8}") = "User.Data", "User.Data", "{52B4A7A5-A3A0-44AE-AFAC-BF2E64C53F11}"
EndProject
Project("{FAE04EC0-301F-11D3-BF4B-00C04F79EFBC}") = "User.UI", "User.UI\User.UI.csproj", "{F7099586-8A5B-49A4-A7AA-6B49C8BC75E4}"
EndProject
Project("{FAE04EC0-301F-11D3-BF4B-00C04F79EFBC}") = "User.Domain", "User.Domain\User.Domain.csproj", "{255FD7F5-5C7F-4E21-B4DA-8F8765DE6078}"
EndProject
Project("{FAE04EC0-301F-11D3-BF4B-00C04F79EFBC}") = "User.Data", "User.Data\User.Data.csproj", "{390B9D38-FC04-464B-B29A-B56B12960AA0}"
EndProject
Project("{FAE04EC0-301F-11D3-BF4B-00C04F79EFBC}") = "User.App", "User.App\User.App.csproj", "{C81570A6-6E56-415B-8D1D-4440F1DBC661}"
EndProject
Global
	GlobalSection(SolutionConfigurationPlatforms) = preSolution
		Debug|Any CPU = Debug|Any CPU
		Release|Any CPU = Release|Any CPU
	EndGlobalSection
	GlobalSection(ProjectConfigurationPlatforms) = postSolution
		{F7099586-8A5B-49A4-A7AA-6B49C8BC75E4}.Debug|Any CPU.ActiveCfg = Debug|Any CPU
		{F7099586-8A5B-49A4-A7AA-6B49C8BC75E4}.Debug|Any CPU.Build.0 = Debug|Any CPU
		{F7099586-8A5B-49A4-A7AA-6B49C8BC75E4}.Release|Any CPU.ActiveCfg = Release|Any CPU
		{F7099586-8A5B-49A4-A7AA-6B49C8BC75E4}.Release|Any CPU.Build.0 = Release|Any CPU
		{255FD7F5-5C7F-4E21-B4DA-8F8765DE6078}.Debug|Any CPU.ActiveCfg = Debug|Any CPU
		{255FD7F5-5C7F-4E21-B4DA-8F8765DE6078}.Debug|Any CPU.Build.0 = Debug|Any CPU
		{255FD7F5-5C7F-4E21-B4DA-8F8765DE6078}.Release|Any CPU.ActiveCfg = Release|Any CPU
		{255FD7F5-5C7F-4E21-B4DA-8F8765DE6078}.Release|Any CPU.Build.0 = Release|Any CPU
		{390B9D38-FC04-464B-B29A-B56B12960AA0}.Debug|Any CPU.ActiveCfg = Debug|Any CPU
		{390B9D38-FC04-464B-B29A-B56B12960AA0}.Debug|Any CPU.Build.0 = Debug|Any CPU
		{390B9D38-FC04-464B-B29A-B56B12960AA0}.Release|Any CPU.ActiveCfg = Release|Any CPU
		{390B9D38-FC04-464B-B29A-B56B12960AA0}.Release|Any CPU.Build.0 = Release|Any CPU
		{C81570A6-6E56-415B-8D1D-4440F1DBC661}.Debug|Any CPU.ActiveCfg = Debug|Any CPU
		{C81570A6-6E56-415B-8D1D-4440F1DBC661}.Debug|Any CPU.Build.0 = Debug|Any CPU
		{C81570A6-6E56-415B-8D1D-4440F1DBC661}.Release|Any CPU.ActiveCfg = Release|Any CPU
		{C81570A6-6E56-415B-8D1D-4440F1DBC661}.Release|Any CPU.Build.0 = Release|Any CPU
	EndGlobalSection
	GlobalSection(SolutionProperties) = preSolution
		HideSolutionNode = FALSE
	EndGlobalSection
	GlobalSection(NestedProjects) = preSolution
		{F7099586-8A5B-49A4-A7AA-6B49C8BC75E4} = {9865598F-FF37-421E-9DDE-F6D2D16B398C}
		{255FD7F5-5C7F-4E21-B4DA-8F8765DE6078} = {84F438DB-EC0F-426E-8174-6009C02FAABC}
		{390B9D38-FC04-464B-B29A-B56B12960AA0} = {52B4A7A5-A3A0-44AE-AFAC-BF2E64C53F11}
		{C81570A6-6E56-415B-8D1D-4440F1DBC661} = {592B8A97-FC84-4DA8-ABF2-F2EFC47A89DD}
	EndGlobalSection
	GlobalSection(ExtensibilityGlobals) = postSolution
		SolutionGuid = {170DA535-8805-45F9-AD72-708083E4A000}
	EndGlobalSection
EndGlobal
